// !$*UTF8*$!
{
	archiveVersion = 1;
	classes = {
	};
	objectVersion = 55;
	objects = {

/* Begin PBXBuildFile section */
		06488A772892128B00740D3F /* AppDelegate.swift in Sources */ = {isa = PBXBuildFile; fileRef = 06488A762892128B00740D3F /* AppDelegate.swift */; };
		06488A792892128B00740D3F /* SceneDelegate.swift in Sources */ = {isa = PBXBuildFile; fileRef = 06488A782892128B00740D3F /* SceneDelegate.swift */; };
		06488A7B2892128B00740D3F /* ViewController.swift in Sources */ = {isa = PBXBuildFile; fileRef = 06488A7A2892128B00740D3F /* ViewController.swift */; };
		06488A7E2892128B00740D3F /* Main.storyboard in Resources */ = {isa = PBXBuildFile; fileRef = 06488A7C2892128B00740D3F /* Main.storyboard */; };
		06488A812892128B00740D3F /* app_3.xcdatamodeld in Sources */ = {isa = PBXBuildFile; fileRef = 06488A7F2892128B00740D3F /* app_3.xcdatamodeld */; };
		06488A832892129200740D3F /* Assets.xcassets in Resources */ = {isa = PBXBuildFile; fileRef = 06488A822892129200740D3F /* Assets.xcassets */; };
		06488A862892129200740D3F /* LaunchScreen.storyboard in Resources */ = {isa = PBXBuildFile; fileRef = 06488A842892129200740D3F /* LaunchScreen.storyboard */; };
		06488A912892129200740D3F /* app_3Tests.swift in Sources */ = {isa = PBXBuildFile; fileRef = 06488A902892129200740D3F /* app_3Tests.swift */; };
		06488A9B2892129200740D3F /* app_3UITests.swift in Sources */ = {isa = PBXBuildFile; fileRef = 06488A9A2892129200740D3F /* app_3UITests.swift */; };
		06488A9D2892129200740D3F /* app_3UITestsLaunchTests.swift in Sources */ = {isa = PBXBuildFile; fileRef = 06488A9C2892129200740D3F /* app_3UITestsLaunchTests.swift */; };
/* End PBXBuildFile section */

/* Begin PBXContainerItemProxy section */
		06488A8D2892129200740D3F /* PBXContainerItemProxy */ = {
			isa = PBXContainerItemProxy;
			containerPortal = 06488A6B2892128B00740D3F /* Project object */;
			proxyType = 1;
			remoteGlobalIDString = 06488A722892128B00740D3F;
			remoteInfo = "app 3";
		};
		06488A972892129200740D3F /* PBXContainerItemProxy */ = {
			isa = PBXContainerItemProxy;
			containerPortal = 06488A6B2892128B00740D3F /* Project object */;
			proxyType = 1;
			remoteGlobalIDString = 06488A722892128B00740D3F;
			remoteInfo = "app 3";
		};
/* End PBXContainerItemProxy section */

/* Begin PBXFileReference section */
		06488A732892128B00740D3F /* app 3.app */ = {isa = PBXFileReference; explicitFileType = wrapper.application; includeInIndex = 0; path = "app 3.app"; sourceTree = BUILT_PRODUCTS_DIR; };
		06488A762892128B00740D3F /* AppDelegate.swift */ = {isa = PBXFileReference; lastKnownFileType = sourcecode.swift; path = AppDelegate.swift; sourceTree = "<group>"; };
		06488A782892128B00740D3F /* SceneDelegate.swift */ = {isa = PBXFileReference; lastKnownFileType = sourcecode.swift; path = SceneDelegate.swift; sourceTree = "<group>"; };
		06488A7A2892128B00740D3F /* ViewController.swift */ = {isa = PBXFileReference; lastKnownFileType = sourcecode.swift; path = ViewController.swift; sourceTree = "<group>"; };
		06488A7D2892128B00740D3F /* Base */ = {isa = PBXFileReference; lastKnownFileType = file.storyboard; name = Base; path = Base.lproj/Main.storyboard; sourceTree = "<group>"; };
		06488A802892128B00740D3F /* app_3.xcdatamodel */ = {isa = PBXFileReference; lastKnownFileType = wrapper.xcdatamodel; path = app_3.xcdatamodel; sourceTree = "<group>"; };
		06488A822892129200740D3F /* Assets.xcassets */ = {isa = PBXFileReference; lastKnownFileType = folder.assetcatalog; path = Assets.xcassets; sourceTree = "<group>"; };
		06488A852892129200740D3F /* Base */ = {isa = PBXFileReference; lastKnownFileType = file.storyboard; name = Base; path = Base.lproj/LaunchScreen.storyboard; sourceTree = "<group>"; };
		06488A872892129200740D3F /* Info.plist */ = {isa = PBXFileReference; lastKnownFileType = text.plist.xml; path = Info.plist; sourceTree = "<group>"; };
		06488A8C2892129200740D3F /* app 3Tests.xctest */ = {isa = PBXFileReference; explicitFileType = wrapper.cfbundle; includeInIndex = 0; path = "app 3Tests.xctest"; sourceTree = BUILT_PRODUCTS_DIR; };
		06488A902892129200740D3F /* app_3Tests.swift */ = {isa = PBXFileReference; lastKnownFileType = sourcecode.swift; path = app_3Tests.swift; sourceTree = "<group>"; };
		06488A962892129200740D3F /* app 3UITests.xctest */ = {isa = PBXFileReference; explicitFileType = wrapper.cfbundle; includeInIndex = 0; path = "app 3UITests.xctest"; sourceTree = BUILT_PRODUCTS_DIR; };
		06488A9A2892129200740D3F /* app_3UITests.swift */ = {isa = PBXFileReference; lastKnownFileType = sourcecode.swift; path = app_3UITests.swift; sourceTree = "<group>"; };
		06488A9C2892129200740D3F /* app_3UITestsLaunchTests.swift */ = {isa = PBXFileReference; lastKnownFileType = sourcecode.swift; path = app_3UITestsLaunchTests.swift; sourceTree = "<group>"; };
/* End PBXFileReference section */

/* Begin PBXFrameworksBuildPhase section */
		06488A702892128B00740D3F /* Frameworks */ = {
			isa = PBXFrameworksBuildPhase;
			buildActionMask = 2147483647;
			files = (
			);
			runOnlyForDeploymentPostprocessing = 0;
		};
		06488A892892129200740D3F /* Frameworks */ = {
			isa = PBXFrameworksBuildPhase;
			buildActionMask = 2147483647;
			files = (
			);
			runOnlyForDeploymentPostprocessing = 0;
		};
		06488A932892129200740D3F /* Frameworks */ = {
			isa = PBXFrameworksBuildPhase;
			buildActionMask = 2147483647;
			files = (
			);
			runOnlyForDeploymentPostprocessing = 0;
		};
/* End PBXFrameworksBuildPhase section */

/* Begin PBXGroup section */
		06488A6A2892128B00740D3F = {
			isa = PBXGroup;
			children = (
				06488A752892128B00740D3F /* app 3 */,
				06488A8F2892129200740D3F /* app 3Tests */,
				06488A992892129200740D3F /* app 3UITests */,
				06488A742892128B00740D3F /* Products */,
			);
			sourceTree = "<group>";
		};
		06488A742892128B00740D3F /* Products */ = {
			isa = PBXGroup;
			children = (
				06488A732892128B00740D3F /* app 3.app */,
				06488A8C2892129200740D3F /* app 3Tests.xctest */,
				06488A962892129200740D3F /* app 3UITests.xctest */,
			);
			name = Products;
			sourceTree = "<group>";
		};
		06488A752892128B00740D3F /* app 3 */ = {
			isa = PBXGroup;
			children = (
				06488A762892128B00740D3F /* AppDelegate.swift */,
				06488A782892128B00740D3F /* SceneDelegate.swift */,
				06488A7A2892128B00740D3F /* ViewController.swift */,
				06488A7C2892128B00740D3F /* Main.storyboard */,
				06488A822892129200740D3F /* Assets.xcassets */,
				06488A842892129200740D3F /* LaunchScreen.storyboard */,
				06488A872892129200740D3F /* Info.plist */,
				06488A7F2892128B00740D3F /* app_3.xcdatamodeld */,
			);
			path = "app 3";
			sourceTree = "<group>";
		};
		06488A8F2892129200740D3F /* app 3Tests */ = {
			isa = PBXGroup;
			children = (
				06488A902892129200740D3F /* app_3Tests.swift */,
			);
			path = "app 3Tests";
			sourceTree = "<group>";
		};
		06488A992892129200740D3F /* app 3UITests */ = {
			isa = PBXGroup;
			children = (
				06488A9A2892129200740D3F /* app_3UITests.swift */,
				06488A9C2892129200740D3F /* app_3UITestsLaunchTests.swift */,
			);
			path = "app 3UITests";
			sourceTree = "<group>";
		};
/* End PBXGroup section */

/* Begin PBXNativeTarget section */
		06488A722892128B00740D3F /* app 3 */ = {
			isa = PBXNativeTarget;
			buildConfigurationList = 06488AA02892129200740D3F /* Build configuration list for PBXNativeTarget "app 3" */;
			buildPhases = (
				06488A6F2892128B00740D3F /* Sources */,
				06488A702892128B00740D3F /* Frameworks */,
				06488A712892128B00740D3F /* Resources */,
			);
			buildRules = (
			);
			dependencies = (
			);
			name = "app 3";
			productName = "app 3";
			productReference = 06488A732892128B00740D3F /* app 3.app */;
			productType = "com.apple.product-type.application";
		};
		06488A8B2892129200740D3F /* app 3Tests */ = {
			isa = PBXNativeTarget;
			buildConfigurationList = 06488AA32892129200740D3F /* Build configuration list for PBXNativeTarget "app 3Tests" */;
			buildPhases = (
				06488A882892129200740D3F /* Sources */,
				06488A892892129200740D3F /* Frameworks */,
				06488A8A2892129200740D3F /* Resources */,
			);
			buildRules = (
			);
			dependencies = (
				06488A8E2892129200740D3F /* PBXTargetDependency */,
			);
			name = "app 3Tests";
			productName = "app 3Tests";
			productReference = 06488A8C2892129200740D3F /* app 3Tests.xctest */;
			productType = "com.apple.product-type.bundle.unit-test";
		};
		06488A952892129200740D3F /* app 3UITests */ = {
			isa = PBXNativeTarget;
			buildConfigurationList = 06488AA62892129200740D3F /* Build configuration list for PBXNativeTarget "app 3UITests" */;
			buildPhases = (
				06488A922892129200740D3F /* Sources */,
				06488A932892129200740D3F /* Frameworks */,
				06488A942892129200740D3F /* Resources */,
			);
			buildRules = (
			);
			dependencies = (
				06488A982892129200740D3F /* PBXTargetDependency */,
			);
			name = "app 3UITests";
			productName = "app 3UITests";
			productReference = 06488A962892129200740D3F /* app 3UITests.xctest */;
			productType = "com.apple.product-type.bundle.ui-testing";
		};
/* End PBXNativeTarget section */

/* Begin PBXProject section */
		06488A6B2892128B00740D3F /* Project object */ = {
			isa = PBXProject;
			attributes = {
				BuildIndependentTargetsInParallel = 1;
				LastSwiftUpdateCheck = 1320;
				LastUpgradeCheck = 1320;
				TargetAttributes = {
					06488A722892128B00740D3F = {
						CreatedOnToolsVersion = 13.2.1;
					};
					06488A8B2892129200740D3F = {
						CreatedOnToolsVersion = 13.2.1;
						TestTargetID = 06488A722892128B00740D3F;
					};
					06488A952892129200740D3F = {
						CreatedOnToolsVersion = 13.2.1;
						TestTargetID = 06488A722892128B00740D3F;
					};
				};
			};
			buildConfigurationList = 06488A6E2892128B00740D3F /* Build configuration list for PBXProject "app 3" */;
			compatibilityVersion = "Xcode 13.0";
			developmentRegion = en;
			hasScannedForEncodings = 0;
			knownRegions = (
				en,
				Base,
			);
			mainGroup = 06488A6A2892128B00740D3F;
			productRefGroup = 06488A742892128B00740D3F /* Products */;
			projectDirPath = "";
			projectRoot = "";
			targets = (
				06488A722892128B00740D3F /* app 3 */,
				06488A8B2892129200740D3F /* app 3Tests */,
				06488A952892129200740D3F /* app 3UITests */,
			);
		};
/* End PBXProject section */

/* Begin PBXResourcesBuildPhase section */
		06488A712892128B00740D3F /* Resources */ = {
			isa = PBXResourcesBuildPhase;
			buildActionMask = 2147483647;
			files = (
				06488A862892129200740D3F /* LaunchScreen.storyboard in Resources */,
				06488A832892129200740D3F /* Assets.xcassets in Resources */,
				06488A7E2892128B00740D3F /* Main.storyboard in Resources */,
			);
			runOnlyForDeploymentPostprocessing = 0;
		};
		06488A8A2892129200740D3F /* Resources */ = {
			isa = PBXResourcesBuildPhase;
			buildActionMask = 2147483647;
			files = (
			);
			runOnlyForDeploymentPostprocessing = 0;
		};
		06488A942892129200740D3F /* Resources */ = {
			isa = PBXResourcesBuildPhase;
			buildActionMask = 2147483647;
			files = (
			);
			runOnlyForDeploymentPostprocessing = 0;
		};
/* End PBXResourcesBuildPhase section */

/* Begin PBXSourcesBuildPhase section */
		06488A6F2892128B00740D3F /* Sources */ = {
			isa = PBXSourcesBuildPhase;
			buildActionMask = 2147483647;
			files = (
				06488A7B2892128B00740D3F /* ViewController.swift in Sources */,
				06488A812892128B00740D3F /* app_3.xcdatamodeld in Sources */,
				06488A772892128B00740D3F /* AppDelegate.swift in Sources */,
				06488A792892128B00740D3F /* SceneDelegate.swift in Sources */,
			);
			runOnlyForDeploymentPostprocessing = 0;
		};
		06488A882892129200740D3F /* Sources */ = {
			isa = PBXSourcesBuildPhase;
			buildActionMask = 2147483647;
			files = (
				06488A912892129200740D3F /* app_3Tests.swift in Sources */,
			);
			runOnlyForDeploymentPostprocessing = 0;
		};
		06488A922892129200740D3F /* Sources */ = {
			isa = PBXSourcesBuildPhase;
			buildActionMask = 2147483647;
			files = (
				06488A9D2892129200740D3F /* app_3UITestsLaunchTests.swift in Sources */,
				06488A9B2892129200740D3F /* app_3UITests.swift in Sources */,
			);
			runOnlyForDeploymentPostprocessing = 0;
		};
/* End PBXSourcesBuildPhase section */

/* Begin PBXTargetDependency section */
		06488A8E2892129200740D3F /* PBXTargetDependency */ = {
			isa = PBXTargetDependency;
			target = 06488A722892128B00740D3F /* app 3 */;
			targetProxy = 06488A8D2892129200740D3F /* PBXContainerItemProxy */;
		};
		06488A982892129200740D3F /* PBXTargetDependency */ = {
			isa = PBXTargetDependency;
			target = 06488A722892128B00740D3F /* app 3 */;
			targetProxy = 06488A972892129200740D3F /* PBXContainerItemProxy */;
		};
/* End PBXTargetDependency section */

/* Begin PBXVariantGroup section */
		06488A7C2892128B00740D3F /* Main.storyboard */ = {
			isa = PBXVariantGroup;
			children = (
				06488A7D2892128B00740D3F /* Base */,
			);
			name = Main.storyboard;
			sourceTree = "<group>";
		};
		06488A842892129200740D3F /* LaunchScreen.storyboard */ = {
			isa = PBXVariantGroup;
			children = (
				06488A852892129200740D3F /* Base */,
			);
			name = LaunchScreen.storyboard;
			sourceTree = "<group>";
		};
/* End PBXVariantGroup section */

/* Begin XCBuildConfiguration section */
		06488A9E2892129200740D3F /* Debug */ = {
			isa = XCBuildConfiguration;
			buildSettings = {
				ALWAYS_SEARCH_USER_PATHS = NO;
				CLANG_ANALYZER_NONNULL = YES;
				CLANG_ANALYZER_NUMBER_OBJECT_CONVERSION = YES_AGGRESSIVE;
				CLANG_CXX_LANGUAGE_STANDARD = "gnu++17";
				CLANG_CXX_LIBRARY = "libc++";
				CLANG_ENABLE_MODULES = YES;
				CLANG_ENABLE_OBJC_ARC = YES;
				CLANG_ENABLE_OBJC_WEAK = YES;
				CLANG_WARN_BLOCK_CAPTURE_AUTORELEASING = YES;
				CLANG_WARN_BOOL_CONVERSION = YES;
				CLANG_WARN_COMMA = YES;
				CLANG_WARN_CONSTANT_CONVERSION = YES;
				CLANG_WARN_DEPRECATED_OBJC_IMPLEMENTATIONS = YES;
				CLANG_WARN_DIRECT_OBJC_ISA_USAGE = YES_ERROR;
				CLANG_WARN_DOCUMENTATION_COMMENTS = YES;
				CLANG_WARN_EMPTY_BODY = YES;
				CLANG_WARN_ENUM_CONVERSION = YES;
				CLANG_WARN_INFINITE_RECURSION = YES;
				CLANG_WARN_INT_CONVERSION = YES;
				CLANG_WARN_NON_LITERAL_NULL_CONVERSION = YES;
				CLANG_WARN_OBJC_IMPLICIT_RETAIN_SELF = YES;
				CLANG_WARN_OBJC_LITERAL_CONVERSION = YES;
				CLANG_WARN_OBJC_ROOT_CLASS = YES_ERROR;
				CLANG_WARN_QUOTED_INCLUDE_IN_FRAMEWORK_HEADER = YES;
				CLANG_WARN_RANGE_LOOP_ANALYSIS = YES;
				CLANG_WARN_STRICT_PROTOTYPES = YES;
				CLANG_WARN_SUSPICIOUS_MOVE = YES;
				CLANG_WARN_UNGUARDED_AVAILABILITY = YES_AGGRESSIVE;
				CLANG_WARN_UNREACHABLE_CODE = YES;
				CLANG_WARN__DUPLICATE_METHOD_MATCH = YES;
				COPY_PHASE_STRIP = NO;
				DEBUG_INFORMATION_FORMAT = dwarf;
				ENABLE_STRICT_OBJC_MSGSEND = YES;
				ENABLE_TESTABILITY = YES;
				GCC_C_LANGUAGE_STANDARD = gnu11;
				GCC_DYNAMIC_NO_PIC = NO;
				GCC_NO_COMMON_BLOCKS = YES;
				GCC_OPTIMIZATION_LEVEL = 0;
				GCC_PREPROCESSOR_DEFINITIONS = (
					"DEBUG=1",
					"$(inherited)",
				);
				GCC_WARN_64_TO_32_BIT_CONVERSION = YES;
				GCC_WARN_ABOUT_RETURN_TYPE = YES_ERROR;
				GCC_WARN_UNDECLARED_SELECTOR = YES;
				GCC_WARN_UNINITIALIZED_AUTOS = YES_AGGRESSIVE;
				GCC_WARN_UNUSED_FUNCTION = YES;
				GCC_WARN_UNUSED_VARIABLE = YES;
				IPHONEOS_DEPLOYMENT_TARGET = 15.2;
				MTL_ENABLE_DEBUG_INFO = INCLUDE_SOURCE;
				MTL_FAST_MATH = YES;
				ONLY_ACTIVE_ARCH = YES;
				SDKROOT = iphoneos;
				SWIFT_ACTIVE_COMPILATION_CONDITIONS = DEBUG;
				SWIFT_OPTIMIZATION_LEVEL = "-Onone";
			};
			name = Debug;
		};
		06488A9F2892129200740D3F /* Release */ = {
			isa = XCBuildConfiguration;
			buildSettings = {
				ALWAYS_SEARCH_USER_PATHS = NO;
				CLANG_ANALYZER_NONNULL = YES;
				CLANG_ANALYZER_NUMBER_OBJECT_CONVERSION = YES_AGGRESSIVE;
				CLANG_CXX_LANGUAGE_STANDARD = "gnu++17";
				CLANG_CXX_LIBRARY = "libc++";
				CLANG_ENABLE_MODULES = YES;
				CLANG_ENABLE_OBJC_ARC = YES;
				CLANG_ENABLE_OBJC_WEAK = YES;
				CLANG_WARN_BLOCK_CAPTURE_AUTORELEASING = YES;
				CLANG_WARN_BOOL_CONVERSION = YES;
				CLANG_WARN_COMMA = YES;
				CLANG_WARN_CONSTANT_CONVERSION = YES;
				CLANG_WARN_DEPRECATED_OBJC_IMPLEMENTATIONS = YES;
				CLANG_WARN_DIRECT_OBJC_ISA_USAGE = YES_ERROR;
				CLANG_WARN_DOCUMENTATION_COMMENTS = YES;
				CLANG_WARN_EMPTY_BODY = YES;
				CLANG_WARN_ENUM_CONVERSION = YES;
				CLANG_WARN_INFINITE_RECURSION = YES;
				CLANG_WARN_INT_CONVERSION = YES;
				CLANG_WARN_NON_LITERAL_NULL_CONVERSION = YES;
				CLANG_WARN_OBJC_IMPLICIT_RETAIN_SELF = YES;
				CLANG_WARN_OBJC_LITERAL_CONVERSION = YES;
				CLANG_WARN_OBJC_ROOT_CLASS = YES_ERROR;
				CLANG_WARN_QUOTED_INCLUDE_IN_FRAMEWORK_HEADER = YES;
				CLANG_WARN_RANGE_LOOP_ANALYSIS = YES;
				CLANG_WARN_STRICT_PROTOTYPES = YES;
				CLANG_WARN_SUSPICIOUS_MOVE = YES;
				CLANG_WARN_UNGUARDED_AVAILABILITY = YES_AGGRESSIVE;
				CLANG_WARN_UNREACHABLE_CODE = YES;
				CLANG_WARN__DUPLICATE_METHOD_MATCH = YES;
				COPY_PHASE_STRIP = NO;
				DEBUG_INFORMATION_FORMAT = "dwarf-with-dsym";
				ENABLE_NS_ASSERTIONS = NO;
				ENABLE_STRICT_OBJC_MSGSEND = YES;
				GCC_C_LANGUAGE_STANDARD = gnu11;
				GCC_NO_COMMON_BLOCKS = YES;
				GCC_WARN_64_TO_32_BIT_CONVERSION = YES;
				GCC_WARN_ABOUT_RETURN_TYPE = YES_ERROR;
				GCC_WARN_UNDECLARED_SELECTOR = YES;
				GCC_WARN_UNINITIALIZED_AUTOS = YES_AGGRESSIVE;
				GCC_WARN_UNUSED_FUNCTION = YES;
				GCC_WARN_UNUSED_VARIABLE = YES;
				IPHONEOS_DEPLOYMENT_TARGET = 15.2;
				MTL_ENABLE_DEBUG_INFO = NO;
				MTL_FAST_MATH = YES;
				SDKROOT = iphoneos;
				SWIFT_COMPILATION_MODE = wholemodule;
				SWIFT_OPTIMIZATION_LEVEL = "-O";
				VALIDATE_PRODUCT = YES;
			};
			name = Release;
		};
		06488AA12892129200740D3F /* Debug */ = {
			isa = XCBuildConfiguration;
			buildSettings = {
				ASSETCATALOG_COMPILER_APPICON_NAME = AppIcon;
				ASSETCATALOG_COMPILER_GLOBAL_ACCENT_COLOR_NAME = AccentColor;
				CODE_SIGN_STYLE = Automatic;
				CURRENT_PROJECT_VERSION = 1;
				GENERATE_INFOPLIST_FILE = YES;
				INFOPLIST_FILE = "app 3/Info.plist";
				INFOPLIST_KEY_UIApplicationSupportsIndirectInputEvents = YES;
				INFOPLIST_KEY_UILaunchStoryboardName = LaunchScreen;
				INFOPLIST_KEY_UIMainStoryboardFile = Main;
				INFOPLIST_KEY_UISupportedInterfaceOrientations_iPad = "UIInterfaceOrientationPortrait UIInterfaceOrientationPortraitUpsideDown UIInterfaceOrientationLandscapeLeft UIInterfaceOrientationLandscapeRight";
				INFOPLIST_KEY_UISupportedInterfaceOrientations_iPhone = "UIInterfaceOrientationPortrait UIInterfaceOrientationLandscapeLeft UIInterfaceOrientationLandscapeRight";
				LD_RUNPATH_SEARCH_PATHS = (
					"$(inherited)",
					"@executable_path/Frameworks",
				);
				MARKETING_VERSION = 1.0;
				PRODUCT_BUNDLE_IDENTIFIER = "KWK.app-3";
				PRODUCT_NAME = "$(TARGET_NAME)";
				SWIFT_EMIT_LOC_STRINGS = YES;
				SWIFT_VERSION = 5.0;
				TARGETED_DEVICE_FAMILY = "1,2";
			};
			name = Debug;
		};
		06488AA22892129200740D3F /* Release */ = {
			isa = XCBuildConfiguration;
			buildSettings = {
				ASSETCATALOG_COMPILER_APPICON_NAME = AppIcon;
				ASSETCATALOG_COMPILER_GLOBAL_ACCENT_COLOR_NAME = AccentColor;
				CODE_SIGN_STYLE = Automatic;
				CURRENT_PROJECT_VERSION = 1;
				GENERATE_INFOPLIST_FILE = YES;
				INFOPLIST_FILE = "app 3/Info.plist";
				INFOPLIST_KEY_UIApplicationSupportsIndirectInputEvents = YES;
				INFOPLIST_KEY_UILaunchStoryboardName = LaunchScreen;
				INFOPLIST_KEY_UIMainStoryboardFile = Main;
				INFOPLIST_KEY_UISupportedInterfaceOrientations_iPad = "UIInterfaceOrientationPortrait UIInterfaceOrientationPortraitUpsideDown UIInterfaceOrientationLandscapeLeft UIInterfaceOrientationLandscapeRight";
				INFOPLIST_KEY_UISupportedInterfaceOrientations_iPhone = "UIInterfaceOrientationPortrait UIInterfaceOrientationLandscapeLeft UIInterfaceOrientationLandscapeRight";
				LD_RUNPATH_SEARCH_PATHS = (
					"$(inherited)",
					"@executable_path/Frameworks",
				);
				MARKETING_VERSION = 1.0;
				PRODUCT_BUNDLE_IDENTIFIER = "KWK.app-3";
				PRODUCT_NAME = "$(TARGET_NAME)";
				SWIFT_EMIT_LOC_STRINGS = YES;
				SWIFT_VERSION = 5.0;
				TARGETED_DEVICE_FAMILY = "1,2";
			};
			name = Release;
		};
		06488AA42892129200740D3F /* Debug */ = {
			isa = XCBuildConfiguration;
			buildSettings = {
				ALWAYS_EMBED_SWIFT_STANDARD_LIBRARIES = YES;
				BUNDLE_LOADER = "$(TEST_HOST)";
				CODE_SIGN_STYLE = Automatic;
				CURRENT_PROJECT_VERSION = 1;
				GENERATE_INFOPLIST_FILE = YES;
				IPHONEOS_DEPLOYMENT_TARGET = 15.2;
				MARKETING_VERSION = 1.0;
				PRODUCT_BUNDLE_IDENTIFIER = "KWK.app-3Tests";
				PRODUCT_NAME = "$(TARGET_NAME)";
				SWIFT_EMIT_LOC_STRINGS = NO;
				SWIFT_VERSION = 5.0;
				TARGETED_DEVICE_FAMILY = "1,2";
				TEST_HOST = "$(BUILT_PRODUCTS_DIR)/app 3.app/app 3";
			};
			name = Debug;
		};
		06488AA52892129200740D3F /* Release */ = {
			isa = XCBuildConfiguration;
			buildSettings = {
				ALWAYS_EMBED_SWIFT_STANDARD_LIBRARIES = YES;
				BUNDLE_LOADER = "$(TEST_HOST)";
				CODE_SIGN_STYLE = Automatic;
				CURRENT_PROJECT_VERSION = 1;
				GENERATE_INFOPLIST_FILE = YES;
				IPHONEOS_DEPLOYMENT_TARGET = 15.2;
				MARKETING_VERSION = 1.0;
				PRODUCT_BUNDLE_IDENTIFIER = "KWK.app-3Tests";
				PRODUCT_NAME = "$(TARGET_NAME)";
				SWIFT_EMIT_LOC_STRINGS = NO;
				SWIFT_VERSION = 5.0;
				TARGETED_DEVICE_FAMILY = "1,2";
				TEST_HOST = "$(BUILT_PRODUCTS_DIR)/app 3.app/app 3";
			};
			name = Release;
		};
		06488AA72892129200740D3F /* Debug */ = {
			isa = XCBuildConfiguration;
			buildSettings = {
				ALWAYS_EMBED_SWIFT_STANDARD_LIBRARIES = YES;
				CODE_SIGN_STYLE = Automatic;
				CURRENT_PROJECT_VERSION = 1;
				GENERATE_INFOPLIST_FILE = YES;
				MARKETING_VERSION = 1.0;
				PRODUCT_BUNDLE_IDENTIFIER = "KWK.app-3UITests";
				PRODUCT_NAME = "$(TARGET_NAME)";
				SWIFT_EMIT_LOC_STRINGS = NO;
				SWIFT_VERSION = 5.0;
				TARGETED_DEVICE_FAMILY = "1,2";
				TEST_TARGET_NAME = "app 3";
			};
			name = Debug;
		};
		06488AA82892129200740D3F /* Release */ = {
			isa = XCBuildConfiguration;
			buildSettings = {
				ALWAYS_EMBED_SWIFT_STANDARD_LIBRARIES = YES;
				CODE_SIGN_STYLE = Automatic;
				CURRENT_PROJECT_VERSION = 1;
				GENERATE_INFOPLIST_FILE = YES;
				MARKETING_VERSION = 1.0;
				PRODUCT_BUNDLE_IDENTIFIER = "KWK.app-3UITests";
				PRODUCT_NAME = "$(TARGET_NAME)";
				SWIFT_EMIT_LOC_STRINGS = NO;
				SWIFT_VERSION = 5.0;
				TARGETED_DEVICE_FAMILY = "1,2";
				TEST_TARGET_NAME = "app 3";
			};
			name = Release;
		};
/* End XCBuildConfiguration section */

/* Begin XCConfigurationList section */
		06488A6E2892128B00740D3F /* Build configuration list for PBXProject "app 3" */ = {
			isa = XCConfigurationList;
			buildConfigurations = (
				06488A9E2892129200740D3F /* Debug */,
				06488A9F2892129200740D3F /* Release */,
			);
			defaultConfigurationIsVisible = 0;
			defaultConfigurationName = Release;
		};
		06488AA02892129200740D3F /* Build configuration list for PBXNativeTarget "app 3" */ = {
			isa = XCConfigurationList;
			buildConfigurations = (
				06488AA12892129200740D3F /* Debug */,
				06488AA22892129200740D3F /* Release */,
			);
			defaultConfigurationIsVisible = 0;
			defaultConfigurationName = Release;
		};
		06488AA32892129200740D3F /* Build configuration list for PBXNativeTarget "app 3Tests" */ = {
			isa = XCConfigurationList;
			buildConfigurations = (
				06488AA42892129200740D3F /* Debug */,
				06488AA52892129200740D3F /* Release */,
			);
			defaultConfigurationIsVisible = 0;
			defaultConfigurationName = Release;
		};
		06488AA62892129200740D3F /* Build configuration list for PBXNativeTarget "app 3UITests" */ = {
			isa = XCConfigurationList;
			buildConfigurations = (
				06488AA72892129200740D3F /* Debug */,
				06488AA82892129200740D3F /* Release */,
			);
			defaultConfigurationIsVisible = 0;
			defaultConfigurationName = Release;
		};
/* End XCConfigurationList section */

/* Begin XCVersionGroup section */
		06488A7F2892128B00740D3F /* app_3.xcdatamodeld */ = {
			isa = XCVersionGroup;
			children = (
				06488A802892128B00740D3F /* app_3.xcdatamodel */,
			);
			currentVersion = 06488A802892128B00740D3F /* app_3.xcdatamodel */;
			path = app_3.xcdatamodeld;
			sourceTree = "<group>";
			versionGroupType = wrapper.xcdatamodel;
		};
/* End XCVersionGroup section */
	};
	rootObject = 06488A6B2892128B00740D3F /* Project object */;
}
